
Microsoft Visual Studio Solution File, Format Version 12.00
# Visual Studio Version 16
VisualStudioVersion = 16.0.32002.261
MinimumVisualStudioVersion = 10.0.40219.1
Project("{FAE04EC0-301F-11D3-BF4B-00C04F79EFBC}") = "PizzaSiparisOtomasyonu", "PizzaSiparisOtomasyonu\PizzaSiparisOtomasyonu.csproj", "{CA040B1D-5241-4BA4-99AF-966FF69622DC}"
EndProject
Global
	GlobalSection(SolutionConfigurationPlatforms) = preSolution
		Debug|Any CPU = Debug|Any CPU
		Release|Any CPU = Release|Any CPU
	EndGlobalSection
	GlobalSection(ProjectConfigurationPlatforms) = postSolution
		{CA040B1D-5241-4BA4-99AF-966FF69622DC}.Debug|Any CPU.ActiveCfg = Debug|Any CPU
		{CA040B1D-5241-4BA4-99AF-966FF69622DC}.Debug|Any CPU.Build.0 = Debug|Any CPU
		{CA040B1D-5241-4BA4-99AF-966FF69622DC}.Release|Any CPU.ActiveCfg = Release|Any CPU
		{CA040B1D-5241-4BA4-99AF-966FF69622DC}.Release|Any CPU.Build.0 = Release|Any CPU
	EndGlobalSection
	GlobalSection(SolutionProperties) = preSolution
		HideSolutionNode = FALSE
	EndGlobalSection
	GlobalSection(ExtensibilityGlobals) = postSolution
		SolutionGuid = {7388E416-4EC6-4119-B7E9-7753EB618D4A}
	EndGlobalSection
EndGlobal
